
Microsoft Visual Studio Solution File, Format Version 12.00
# Visual Studio Version 17
VisualStudioVersion = 17.14.36221.1 d17.14
MinimumVisualStudioVersion = 10.0.40219.1
Project("{FAE04EC0-301F-11D3-BF4B-00C04F79EFBC}") = "5413-ASP.NET", "5413-ASP.NET\5413-ASP.NET.csproj", "{2960D8EF-36CD-4D1A-84F1-81660645A1EC}"
EndProject
Global
	GlobalSection(SolutionConfigurationPlatforms) = preSolution
		Debug|Any CPU = Debug|Any CPU
		Release|Any CPU = Release|Any CPU
	EndGlobalSection
	GlobalSection(ProjectConfigurationPlatforms) = postSolution
		{2960D8EF-36CD-4D1A-84F1-81660645A1EC}.Debug|Any CPU.ActiveCfg = Debug|Any CPU
		{2960D8EF-36CD-4D1A-84F1-81660645A1EC}.Debug|Any CPU.Build.0 = Debug|Any CPU
		{2960D8EF-36CD-4D1A-84F1-81660645A1EC}.Release|Any CPU.ActiveCfg = Release|Any CPU
		{2960D8EF-36CD-4D1A-84F1-81660645A1EC}.Release|Any CPU.Build.0 = Release|Any CPU
	EndGlobalSection
	GlobalSection(SolutionProperties) = preSolution
		HideSolutionNode = FALSE
	EndGlobalSection
	GlobalSection(ExtensibilityGlobals) = postSolution
		SolutionGuid = {EB851107-3BD5-494F-96DF-B35BADE03E05}
	EndGlobalSection
EndGlobal
